// !$*UTF8*$!
{
	archiveVersion = 1;
	classes = {
	};
	objectVersion = 46;
	objects = {

/* Begin PBXBuildFile section */
		8510B12F18A3E7E800962AC0 /* Foundation.framework in Frameworks */ = {isa = PBXBuildFile; fileRef = 8510B12E18A3E7E800962AC0 /* Foundation.framework */; };
		8510B13118A3E7E800962AC0 /* CoreGraphics.framework in Frameworks */ = {isa = PBXBuildFile; fileRef = 8510B13018A3E7E800962AC0 /* CoreGraphics.framework */; };
		8510B13318A3E7E800962AC0 /* UIKit.framework in Frameworks */ = {isa = PBXBuildFile; fileRef = 8510B13218A3E7E800962AC0 /* UIKit.framework */; };
		8510B13918A3E7E800962AC0 /* InfoPlist.strings in Resources */ = {isa = PBXBuildFile; fileRef = 8510B13718A3E7E800962AC0 /* InfoPlist.strings */; };
		8510B13B18A3E7E800962AC0 /* main.m in Sources */ = {isa = PBXBuildFile; fileRef = 8510B13A18A3E7E800962AC0 /* main.m */; };
		8510B13F18A3E7E800962AC0 /* EBv2AppDelegate.m in Sources */ = {isa = PBXBuildFile; fileRef = 8510B13E18A3E7E800962AC0 /* EBv2AppDelegate.m */; };
		8510B14218A3E7E800962AC0 /* Main.storyboard in Resources */ = {isa = PBXBuildFile; fileRef = 8510B14018A3E7E800962AC0 /* Main.storyboard */; };
		8510B14518A3E7E800962AC0 /* EBv2ViewController.m in Sources */ = {isa = PBXBuildFile; fileRef = 8510B14418A3E7E800962AC0 /* EBv2ViewController.m */; };
		8510B14718A3E7E800962AC0 /* Images.xcassets in Resources */ = {isa = PBXBuildFile; fileRef = 8510B14618A3E7E800962AC0 /* Images.xcassets */; };
		8510B14E18A3E7E800962AC0 /* XCTest.framework in Frameworks */ = {isa = PBXBuildFile; fileRef = 8510B14D18A3E7E800962AC0 /* XCTest.framework */; };
		8510B14F18A3E7E800962AC0 /* Foundation.framework in Frameworks */ = {isa = PBXBuildFile; fileRef = 8510B12E18A3E7E800962AC0 /* Foundation.framework */; };
		8510B15018A3E7E800962AC0 /* UIKit.framework in Frameworks */ = {isa = PBXBuildFile; fileRef = 8510B13218A3E7E800962AC0 /* UIKit.framework */; };
		8510B15818A3E7E800962AC0 /* InfoPlist.strings in Resources */ = {isa = PBXBuildFile; fileRef = 8510B15618A3E7E800962AC0 /* InfoPlist.strings */; };
		8510B15A18A3E7E800962AC0 /* EBv2Tests.m in Sources */ = {isa = PBXBuildFile; fileRef = 8510B15918A3E7E800962AC0 /* EBv2Tests.m */; };
		8510B16B18A40B8200962AC0 /* EBv2SecondView.m in Sources */ = {isa = PBXBuildFile; fileRef = 8510B16A18A40B8200962AC0 /* EBv2SecondView.m */; };
		8510B1B318A4263600962AC0 /* DLPieChart.m in Sources */ = {isa = PBXBuildFile; fileRef = 8510B1B218A4263600962AC0 /* DLPieChart.m */; };
		8510B1B518A42B3800962AC0 /* QuartzCore.framework in Frameworks */ = {isa = PBXBuildFile; fileRef = 8510B1B418A42B3800962AC0 /* QuartzCore.framework */; };
/* End PBXBuildFile section */

/* Begin PBXContainerItemProxy section */
		8510B15118A3E7E800962AC0 /* PBXContainerItemProxy */ = {
			isa = PBXContainerItemProxy;
			containerPortal = 8510B12318A3E7E800962AC0 /* Project object */;
			proxyType = 1;
			remoteGlobalIDString = 8510B12A18A3E7E800962AC0;
			remoteInfo = EBv2;
		};
/* End PBXContainerItemProxy section */

/* Begin PBXFileReference section */
		8510B12B18A3E7E800962AC0 /* EBv2.app */ = {isa = PBXFileReference; explicitFileType = wrapper.application; includeInIndex = 0; path = EBv2.app; sourceTree = BUILT_PRODUCTS_DIR; };
		8510B12E18A3E7E800962AC0 /* Foundation.framework */ = {isa = PBXFileReference; lastKnownFileType = wrapper.framework; name = Foundation.framework; path = System/Library/Frameworks/Foundation.framework; sourceTree = SDKROOT; };
		8510B13018A3E7E800962AC0 /* CoreGraphics.framework */ = {isa = PBXFileReference; lastKnownFileType = wrapper.framework; name = CoreGraphics.framework; path = System/Library/Frameworks/CoreGraphics.framework; sourceTree = SDKROOT; };
		8510B13218A3E7E800962AC0 /* UIKit.framework */ = {isa = PBXFileReference; lastKnownFileType = wrapper.framework; name = UIKit.framework; path = System/Library/Frameworks/UIKit.framework; sourceTree = SDKROOT; };
		8510B13618A3E7E800962AC0 /* EBv2-Info.plist */ = {isa = PBXFileReference; lastKnownFileType = text.plist.xml; path = "EBv2-Info.plist"; sourceTree = "<group>"; };
		8510B13818A3E7E800962AC0 /* en */ = {isa = PBXFileReference; lastKnownFileType = text.plist.strings; name = en; path = en.lproj/InfoPlist.strings; sourceTree = "<group>"; };
		8510B13A18A3E7E800962AC0 /* main.m */ = {isa = PBXFileReference; lastKnownFileType = sourcecode.c.objc; path = main.m; sourceTree = "<group>"; };
		8510B13C18A3E7E800962AC0 /* EBv2-Prefix.pch */ = {isa = PBXFileReference; lastKnownFileType = sourcecode.c.h; path = "EBv2-Prefix.pch"; sourceTree = "<group>"; };
		8510B13D18A3E7E800962AC0 /* EBv2AppDelegate.h */ = {isa = PBXFileReference; lastKnownFileType = sourcecode.c.h; path = EBv2AppDelegate.h; sourceTree = "<group>"; };
		8510B13E18A3E7E800962AC0 /* EBv2AppDelegate.m */ = {isa = PBXFileReference; lastKnownFileType = sourcecode.c.objc; path = EBv2AppDelegate.m; sourceTree = "<group>"; };
		8510B14118A3E7E800962AC0 /* Base */ = {isa = PBXFileReference; lastKnownFileType = file.storyboard; name = Base; path = Base.lproj/Main.storyboard; sourceTree = "<group>"; };
		8510B14318A3E7E800962AC0 /* EBv2ViewController.h */ = {isa = PBXFileReference; lastKnownFileType = sourcecode.c.h; path = EBv2ViewController.h; sourceTree = "<group>"; };
		8510B14418A3E7E800962AC0 /* EBv2ViewController.m */ = {isa = PBXFileReference; lastKnownFileType = sourcecode.c.objc; path = EBv2ViewController.m; sourceTree = "<group>"; };
		8510B14618A3E7E800962AC0 /* Images.xcassets */ = {isa = PBXFileReference; lastKnownFileType = folder.assetcatalog; path = Images.xcassets; sourceTree = "<group>"; };
		8510B14C18A3E7E800962AC0 /* EBv2Tests.xctest */ = {isa = PBXFileReference; explicitFileType = wrapper.cfbundle; includeInIndex = 0; path = EBv2Tests.xctest; sourceTree = BUILT_PRODUCTS_DIR; };
		8510B14D18A3E7E800962AC0 /* XCTest.framework */ = {isa = PBXFileReference; lastKnownFileType = wrapper.framework; name = XCTest.framework; path = Library/Frameworks/XCTest.framework; sourceTree = DEVELOPER_DIR; };
		8510B15518A3E7E800962AC0 /* EBv2Tests-Info.plist */ = {isa = PBXFileReference; lastKnownFileType = text.plist.xml; path = "EBv2Tests-Info.plist"; sourceTree = "<group>"; };
		8510B15718A3E7E800962AC0 /* en */ = {isa = PBXFileReference; lastKnownFileType = text.plist.strings; name = en; path = en.lproj/InfoPlist.strings; sourceTree = "<group>"; };
		8510B15918A3E7E800962AC0 /* EBv2Tests.m */ = {isa = PBXFileReference; lastKnownFileType = sourcecode.c.objc; path = EBv2Tests.m; sourceTree = "<group>"; };
		8510B16918A40B8200962AC0 /* EBv2SecondView.h */ = {isa = PBXFileReference; fileEncoding = 4; lastKnownFileType = sourcecode.c.h; path = EBv2SecondView.h; sourceTree = "<group>"; };
		8510B16A18A40B8200962AC0 /* EBv2SecondView.m */ = {isa = PBXFileReference; fileEncoding = 4; lastKnownFileType = sourcecode.c.objc; path = EBv2SecondView.m; sourceTree = "<group>"; };
		8510B1B118A4263600962AC0 /* DLPieChart.h */ = {isa = PBXFileReference; fileEncoding = 4; lastKnownFileType = sourcecode.c.h; path = DLPieChart.h; sourceTree = "<group>"; };
		8510B1B218A4263600962AC0 /* DLPieChart.m */ = {isa = PBXFileReference; fileEncoding = 4; lastKnownFileType = sourcecode.c.objc; path = DLPieChart.m; sourceTree = "<group>"; };
		8510B1B418A42B3800962AC0 /* QuartzCore.framework */ = {isa = PBXFileReference; lastKnownFileType = wrapper.framework; name = QuartzCore.framework; path = System/Library/Frameworks/QuartzCore.framework; sourceTree = SDKROOT; };
/* End PBXFileReference section */

/* Begin PBXFrameworksBuildPhase section */
		8510B12818A3E7E800962AC0 /* Frameworks */ = {
			isa = PBXFrameworksBuildPhase;
			buildActionMask = 2147483647;
			files = (
				8510B1B518A42B3800962AC0 /* QuartzCore.framework in Frameworks */,
				8510B13118A3E7E800962AC0 /* CoreGraphics.framework in Frameworks */,
				8510B13318A3E7E800962AC0 /* UIKit.framework in Frameworks */,
				8510B12F18A3E7E800962AC0 /* Foundation.framework in Frameworks */,
			);
			runOnlyForDeploymentPostprocessing = 0;
		};
		8510B14918A3E7E800962AC0 /* Frameworks */ = {
			isa = PBXFrameworksBuildPhase;
			buildActionMask = 2147483647;
			files = (
				8510B14E18A3E7E800962AC0 /* XCTest.framework in Frameworks */,
				8510B15018A3E7E800962AC0 /* UIKit.framework in Frameworks */,
				8510B14F18A3E7E800962AC0 /* Foundation.framework in Frameworks */,
			);
			runOnlyForDeploymentPostprocessing = 0;
		};
/* End PBXFrameworksBuildPhase section */

/* Begin PBXGroup section */
		8510B12218A3E7E800962AC0 = {
			isa = PBXGroup;
			children = (
				8510B1B418A42B3800962AC0 /* QuartzCore.framework */,
				8510B1B018A4263600962AC0 /* Pie Chart Library */,
				8510B13418A3E7E800962AC0 /* EBv2 */,
				8510B15318A3E7E800962AC0 /* EBv2Tests */,
				8510B12D18A3E7E800962AC0 /* Frameworks */,
				8510B12C18A3E7E800962AC0 /* Products */,
			);
			sourceTree = "<group>";
		};
		8510B12C18A3E7E800962AC0 /* Products */ = {
			isa = PBXGroup;
			children = (
				8510B12B18A3E7E800962AC0 /* EBv2.app */,
				8510B14C18A3E7E800962AC0 /* EBv2Tests.xctest */,
			);
			name = Products;
			sourceTree = "<group>";
		};
		8510B12D18A3E7E800962AC0 /* Frameworks */ = {
			isa = PBXGroup;
			children = (
				8510B12E18A3E7E800962AC0 /* Foundation.framework */,
				8510B13018A3E7E800962AC0 /* CoreGraphics.framework */,
				8510B13218A3E7E800962AC0 /* UIKit.framework */,
				8510B14D18A3E7E800962AC0 /* XCTest.framework */,
			);
			name = Frameworks;
			sourceTree = "<group>";
		};
		8510B13418A3E7E800962AC0 /* EBv2 */ = {
			isa = PBXGroup;
			children = (
				8510B1B618A43A5200962AC0 /* iPad */,
				8510B13D18A3E7E800962AC0 /* EBv2AppDelegate.h */,
				8510B13E18A3E7E800962AC0 /* EBv2AppDelegate.m */,
				8510B16918A40B8200962AC0 /* EBv2SecondView.h */,
				8510B16A18A40B8200962AC0 /* EBv2SecondView.m */,
				8510B14018A3E7E800962AC0 /* Main.storyboard */,
				8510B14318A3E7E800962AC0 /* EBv2ViewController.h */,
				8510B14418A3E7E800962AC0 /* EBv2ViewController.m */,
				8510B14618A3E7E800962AC0 /* Images.xcassets */,
				8510B13518A3E7E800962AC0 /* Supporting Files */,
			);
			path = EBv2;
			sourceTree = "<group>";
		};
		8510B13518A3E7E800962AC0 /* Supporting Files */ = {
			isa = PBXGroup;
			children = (
				8510B13618A3E7E800962AC0 /* EBv2-Info.plist */,
				8510B13718A3E7E800962AC0 /* InfoPlist.strings */,
				8510B13A18A3E7E800962AC0 /* main.m */,
				8510B13C18A3E7E800962AC0 /* EBv2-Prefix.pch */,
			);
			name = "Supporting Files";
			sourceTree = "<group>";
		};
		8510B15318A3E7E800962AC0 /* EBv2Tests */ = {
			isa = PBXGroup;
			children = (
				8510B15918A3E7E800962AC0 /* EBv2Tests.m */,
				8510B15418A3E7E800962AC0 /* Supporting Files */,
			);
			path = EBv2Tests;
			sourceTree = "<group>";
		};
		8510B15418A3E7E800962AC0 /* Supporting Files */ = {
			isa = PBXGroup;
			children = (
				8510B15518A3E7E800962AC0 /* EBv2Tests-Info.plist */,
				8510B15618A3E7E800962AC0 /* InfoPlist.strings */,
			);
			name = "Supporting Files";
			sourceTree = "<group>";
		};
		8510B1B018A4263600962AC0 /* Pie Chart Library */ = {
			isa = PBXGroup;
			children = (
				8510B1B118A4263600962AC0 /* DLPieChart.h */,
				8510B1B218A4263600962AC0 /* DLPieChart.m */,
			);
			path = "Pie Chart Library";
			sourceTree = "<group>";
		};
		8510B1B618A43A5200962AC0 /* iPad */ = {
			isa = PBXGroup;
			children = (
			);
			name = iPad;
			sourceTree = "<group>";
		};
/* End PBXGroup section */

/* Begin PBXNativeTarget section */
		8510B12A18A3E7E800962AC0 /* EBv2 */ = {
			isa = PBXNativeTarget;
			buildConfigurationList = 8510B15D18A3E7E800962AC0 /* Build configuration list for PBXNativeTarget "EBv2" */;
			buildPhases = (
				8510B12718A3E7E800962AC0 /* Sources */,
				8510B12818A3E7E800962AC0 /* Frameworks */,
				8510B12918A3E7E800962AC0 /* Resources */,
			);
			buildRules = (
			);
			dependencies = (
			);
			name = EBv2;
			productName = EBv2;
			productReference = 8510B12B18A3E7E800962AC0 /* EBv2.app */;
			productType = "com.apple.product-type.application";
		};
		8510B14B18A3E7E800962AC0 /* EBv2Tests */ = {
			isa = PBXNativeTarget;
			buildConfigurationList = 8510B16018A3E7E800962AC0 /* Build configuration list for PBXNativeTarget "EBv2Tests" */;
			buildPhases = (
				8510B14818A3E7E800962AC0 /* Sources */,
				8510B14918A3E7E800962AC0 /* Frameworks */,
				8510B14A18A3E7E800962AC0 /* Resources */,
			);
			buildRules = (
			);
			dependencies = (
				8510B15218A3E7E800962AC0 /* PBXTargetDependency */,
			);
			name = EBv2Tests;
			productName = EBv2Tests;
			productReference = 8510B14C18A3E7E800962AC0 /* EBv2Tests.xctest */;
			productType = "com.apple.product-type.bundle.unit-test";
		};
/* End PBXNativeTarget section */

/* Begin PBXProject section */
		8510B12318A3E7E800962AC0 /* Project object */ = {
			isa = PBXProject;
			attributes = {
				CLASSPREFIX = EBv2;
				LastUpgradeCheck = 0500;
				ORGANIZATIONNAME = "Xue Li";
				TargetAttributes = {
					8510B14B18A3E7E800962AC0 = {
						TestTargetID = 8510B12A18A3E7E800962AC0;
					};
				};
			};
			buildConfigurationList = 8510B12618A3E7E800962AC0 /* Build configuration list for PBXProject "EBv2" */;
			compatibilityVersion = "Xcode 3.2";
			developmentRegion = English;
			hasScannedForEncodings = 0;
			knownRegions = (
				en,
				Base,
			);
			mainGroup = 8510B12218A3E7E800962AC0;
			productRefGroup = 8510B12C18A3E7E800962AC0 /* Products */;
			projectDirPath = "";
			projectRoot = "";
			targets = (
				8510B12A18A3E7E800962AC0 /* EBv2 */,
				8510B14B18A3E7E800962AC0 /* EBv2Tests */,
			);
		};
/* End PBXProject section */

/* Begin PBXResourcesBuildPhase section */
		8510B12918A3E7E800962AC0 /* Resources */ = {
			isa = PBXResourcesBuildPhase;
			buildActionMask = 2147483647;
			files = (
				8510B14718A3E7E800962AC0 /* Images.xcassets in Resources */,
				8510B13918A3E7E800962AC0 /* InfoPlist.strings in Resources */,
				8510B14218A3E7E800962AC0 /* Main.storyboard in Resources */,
			);
			runOnlyForDeploymentPostprocessing = 0;
		};
		8510B14A18A3E7E800962AC0 /* Resources */ = {
			isa = PBXResourcesBuildPhase;
			buildActionMask = 2147483647;
			files = (
				8510B15818A3E7E800962AC0 /* InfoPlist.strings in Resources */,
			);
			runOnlyForDeploymentPostprocessing = 0;
		};
/* End PBXResourcesBuildPhase section */

/* Begin PBXSourcesBuildPhase section */
		8510B12718A3E7E800962AC0 /* Sources */ = {
			isa = PBXSourcesBuildPhase;
			buildActionMask = 2147483647;
			files = (
				8510B14518A3E7E800962AC0 /* EBv2ViewController.m in Sources */,
				8510B16B18A40B8200962AC0 /* EBv2SecondView.m in Sources */,
				8510B13B18A3E7E800962AC0 /* main.m in Sources */,
				8510B1B318A4263600962AC0 /* DLPieChart.m in Sources */,
				8510B13F18A3E7E800962AC0 /* EBv2AppDelegate.m in Sources */,
			);
			runOnlyForDeploymentPostprocessing = 0;
		};
		8510B14818A3E7E800962AC0 /* Sources */ = {
			isa = PBXSourcesBuildPhase;
			buildActionMask = 2147483647;
			files = (
				8510B15A18A3E7E800962AC0 /* EBv2Tests.m in Sources */,
			);
			runOnlyForDeploymentPostprocessing = 0;
		};
/* End PBXSourcesBuildPhase section */

/* Begin PBXTargetDependency section */
		8510B15218A3E7E800962AC0 /* PBXTargetDependency */ = {
			isa = PBXTargetDependency;
			target = 8510B12A18A3E7E800962AC0 /* EBv2 */;
			targetProxy = 8510B15118A3E7E800962AC0 /* PBXContainerItemProxy */;
		};
/* End PBXTargetDependency section */

/* Begin PBXVariantGroup section */
		8510B13718A3E7E800962AC0 /* InfoPlist.strings */ = {
			isa = PBXVariantGroup;
			children = (
				8510B13818A3E7E800962AC0 /* en */,
			);
			name = InfoPlist.strings;
			sourceTree = "<group>";
		};
		8510B14018A3E7E800962AC0 /* Main.storyboard */ = {
			isa = PBXVariantGroup;
			children = (
				8510B14118A3E7E800962AC0 /* Base */,
			);
			name = Main.storyboard;
			sourceTree = "<group>";
		};
		8510B15618A3E7E800962AC0 /* InfoPlist.strings */ = {
			isa = PBXVariantGroup;
			children = (
				8510B15718A3E7E800962AC0 /* en */,
			);
			name = InfoPlist.strings;
			sourceTree = "<group>";
		};
/* End PBXVariantGroup section */

/* Begin XCBuildConfiguration section */
		8510B15B18A3E7E800962AC0 /* Debug */ = {
			isa = XCBuildConfiguration;
			buildSettings = {
				ALWAYS_SEARCH_USER_PATHS = NO;
				ARCHS = "$(ARCHS_STANDARD_INCLUDING_64_BIT)";
				CLANG_CXX_LANGUAGE_STANDARD = "gnu++0x";
				CLANG_CXX_LIBRARY = "libc++";
				CLANG_ENABLE_MODULES = YES;
				CLANG_ENABLE_OBJC_ARC = YES;
				CLANG_WARN_BOOL_CONVERSION = YES;
				CLANG_WARN_CONSTANT_CONVERSION = YES;
				CLANG_WARN_DIRECT_OBJC_ISA_USAGE = YES_ERROR;
				CLANG_WARN_EMPTY_BODY = YES;
				CLANG_WARN_ENUM_CONVERSION = YES;
				CLANG_WARN_INT_CONVERSION = YES;
				CLANG_WARN_OBJC_ROOT_CLASS = YES_ERROR;
				CLANG_WARN__DUPLICATE_METHOD_MATCH = YES;
				"CODE_SIGN_IDENTITY[sdk=iphoneos*]" = "iPhone Developer";
				COPY_PHASE_STRIP = NO;
				GCC_C_LANGUAGE_STANDARD = gnu99;
				GCC_DYNAMIC_NO_PIC = NO;
				GCC_OPTIMIZATION_LEVEL = 0;
				GCC_PREPROCESSOR_DEFINITIONS = (
					"DEBUG=1",
					"$(inherited)",
				);
				GCC_SYMBOLS_PRIVATE_EXTERN = NO;
				GCC_WARN_64_TO_32_BIT_CONVERSION = YES;
				GCC_WARN_ABOUT_RETURN_TYPE = YES_ERROR;
				GCC_WARN_UNDECLARED_SELECTOR = YES;
				GCC_WARN_UNINITIALIZED_AUTOS = YES;
				GCC_WARN_UNUSED_FUNCTION = YES;
				GCC_WARN_UNUSED_VARIABLE = YES;
				IPHONEOS_DEPLOYMENT_TARGET = 7.0;
				ONLY_ACTIVE_ARCH = YES;
				SDKROOT = iphoneos;
			};
			name = Debug;
		};
		8510B15C18A3E7E800962AC0 /* Release */ = {
			isa = XCBuildConfiguration;
			buildSettings = {
				ALWAYS_SEARCH_USER_PATHS = NO;
				ARCHS = "$(ARCHS_STANDARD_INCLUDING_64_BIT)";
				CLANG_CXX_LANGUAGE_STANDARD = "gnu++0x";
				CLANG_CXX_LIBRARY = "libc++";
				CLANG_ENABLE_MODULES = YES;
				CLANG_ENABLE_OBJC_ARC = YES;
				CLANG_WARN_BOOL_CONVERSION = YES;
				CLANG_WARN_CONSTANT_CONVERSION = YES;
				CLANG_WARN_DIRECT_OBJC_ISA_USAGE = YES_ERROR;
				CLANG_WARN_EMPTY_BODY = YES;
				CLANG_WARN_ENUM_CONVERSION = YES;
				CLANG_WARN_INT_CONVERSION = YES;
				CLANG_WARN_OBJC_ROOT_CLASS = YES_ERROR;
				CLANG_WARN__DUPLICATE_METHOD_MATCH = YES;
				"CODE_SIGN_IDENTITY[sdk=iphoneos*]" = "iPhone Developer";
				COPY_PHASE_STRIP = YES;
				ENABLE_NS_ASSERTIONS = NO;
				GCC_C_LANGUAGE_STANDARD = gnu99;
				GCC_WARN_64_TO_32_BIT_CONVERSION = YES;
				GCC_WARN_ABOUT_RETURN_TYPE = YES_ERROR;
				GCC_WARN_UNDECLARED_SELECTOR = YES;
				GCC_WARN_UNINITIALIZED_AUTOS = YES;
				GCC_WARN_UNUSED_FUNCTION = YES;
				GCC_WARN_UNUSED_VARIABLE = YES;
				IPHONEOS_DEPLOYMENT_TARGET = 7.0;
				SDKROOT = iphoneos;
				VALIDATE_PRODUCT = YES;
			};
			name = Release;
		};
		8510B15E18A3E7E800962AC0 /* Debug */ = {
			isa = XCBuildConfiguration;
			buildSettings = {
				ASSETCATALOG_COMPILER_APPICON_NAME = AppIcon;
				ASSETCATALOG_COMPILER_LAUNCHIMAGE_NAME = LaunchImage;
				GCC_PRECOMPILE_PREFIX_HEADER = YES;
				GCC_PREFIX_HEADER = "EBv2/EBv2-Prefix.pch";
				INFOPLIST_FILE = "EBv2/EBv2-Info.plist";
				IPHONEOS_DEPLOYMENT_TARGET = 6.1;
				PRODUCT_NAME = "$(TARGET_NAME)";
				TARGETED_DEVICE_FAMILY = 1;
				WRAPPER_EXTENSION = app;
			};
			name = Debug;
		};
		8510B15F18A3E7E800962AC0 /* Release */ = {
			isa = XCBuildConfiguration;
			buildSettings = {
				ASSETCATALOG_COMPILER_APPICON_NAME = AppIcon;
				ASSETCATALOG_COMPILER_LAUNCHIMAGE_NAME = LaunchImage;
				GCC_PRECOMPILE_PREFIX_HEADER = YES;
				GCC_PREFIX_HEADER = "EBv2/EBv2-Prefix.pch";
				INFOPLIST_FILE = "EBv2/EBv2-Info.plist";
				IPHONEOS_DEPLOYMENT_TARGET = 6.1;
				PRODUCT_NAME = "$(TARGET_NAME)";
				TARGETED_DEVICE_FAMILY = 1;
				WRAPPER_EXTENSION = app;
			};
			name = Release;
		};
		8510B16118A3E7E800962AC0 /* Debug */ = {
			isa = XCBuildConfiguration;
			buildSettings = {
				ARCHS = "$(ARCHS_STANDARD_INCLUDING_64_BIT)";
				BUNDLE_LOADER = "$(BUILT_PRODUCTS_DIR)/EBv2.app/EBv2";
				FRAMEWORK_SEARCH_PATHS = (
					"$(SDKROOT)/Developer/Library/Frameworks",
					"$(inherited)",
					"$(DEVELOPER_FRAMEWORKS_DIR)",
				);
				GCC_PRECOMPILE_PREFIX_HEADER = YES;
				GCC_PREFIX_HEADER = "EBv2/EBv2-Prefix.pch";
				GCC_PREPROCESSOR_DEFINITIONS = (
					"DEBUG=1",
					"$(inherited)",
				);
				INFOPLIST_FILE = "EBv2Tests/EBv2Tests-Info.plist";
				PRODUCT_NAME = "$(TARGET_NAME)";
				TEST_HOST = "$(BUNDLE_LOADER)";
				WRAPPER_EXTENSION = xctest;
			};
			name = Debug;
		};
		8510B16218A3E7E800962AC0 /* Release */ = {
			isa = XCBuildConfiguration;
			buildSettings = {
				ARCHS = "$(ARCHS_STANDARD_INCLUDING_64_BIT)";
				BUNDLE_LOADER = "$(BUILT_PRODUCTS_DIR)/EBv2.app/EBv2";
				FRAMEWORK_SEARCH_PATHS = (
					"$(SDKROOT)/Developer/Library/Frameworks",
					"$(inherited)",
					"$(DEVELOPER_FRAMEWORKS_DIR)",
				);
				GCC_PRECOMPILE_PREFIX_HEADER = YES;
				GCC_PREFIX_HEADER = "EBv2/EBv2-Prefix.pch";
				INFOPLIST_FILE = "EBv2Tests/EBv2Tests-Info.plist";
				PRODUCT_NAME = "$(TARGET_NAME)";
				TEST_HOST = "$(BUNDLE_LOADER)";
				WRAPPER_EXTENSION = xctest;
			};
			name = Release;
		};
/* End XCBuildConfiguration section */

/* Begin XCConfigurationList section */
		8510B12618A3E7E800962AC0 /* Build configuration list for PBXProject "EBv2" */ = {
			isa = XCConfigurationList;
			buildConfigurations = (
				8510B15B18A3E7E800962AC0 /* Debug */,
				8510B15C18A3E7E800962AC0 /* Release */,
			);
			defaultConfigurationIsVisible = 0;
			defaultConfigurationName = Release;
		};
		8510B15D18A3E7E800962AC0 /* Build configuration list for PBXNativeTarget "EBv2" */ = {
			isa = XCConfigurationList;
			buildConfigurations = (
				8510B15E18A3E7E800962AC0 /* Debug */,
				8510B15F18A3E7E800962AC0 /* Release */,
			);
			defaultConfigurationIsVisible = 0;
			defaultConfigurationName = Release;
		};
		8510B16018A3E7E800962AC0 /* Build configuration list for PBXNativeTarget "EBv2Tests" */ = {
			isa = XCConfigurationList;
			buildConfigurations = (
				8510B16118A3E7E800962AC0 /* Debug */,
				8510B16218A3E7E800962AC0 /* Release */,
			);
			defaultConfigurationIsVisible = 0;
			defaultConfigurationName = Release;
		};
/* End XCConfigurationList section */
	};
	rootObject = 8510B12318A3E7E800962AC0 /* Project object */;
}
